
Microsoft Visual Studio Solution File, Format Version 12.00
# Visual Studio Version 17
VisualStudioVersion = 17.7.34031.279
MinimumVisualStudioVersion = 10.0.40219.1
Project("{FAE04EC0-301F-11D3-BF4B-00C04F79EFBC}") = "SuperHeroes", "SuperHeroes\SuperHeroes.csproj", "{35903A32-911F-45B3-B1F3-1AE35E203088}"
EndProject
Global
	GlobalSection(SolutionConfigurationPlatforms) = preSolution
		Debug|Any CPU = Debug|Any CPU
		Release|Any CPU = Release|Any CPU
	EndGlobalSection
	GlobalSection(ProjectConfigurationPlatforms) = postSolution
		{35903A32-911F-45B3-B1F3-1AE35E203088}.Debug|Any CPU.ActiveCfg = Debug|Any CPU
		{35903A32-911F-45B3-B1F3-1AE35E203088}.Debug|Any CPU.Build.0 = Debug|Any CPU
		{35903A32-911F-45B3-B1F3-1AE35E203088}.Release|Any CPU.ActiveCfg = Release|Any CPU
		{35903A32-911F-45B3-B1F3-1AE35E203088}.Release|Any CPU.Build.0 = Release|Any CPU
	EndGlobalSection
	GlobalSection(SolutionProperties) = preSolution
		HideSolutionNode = FALSE
	EndGlobalSection
	GlobalSection(ExtensibilityGlobals) = postSolution
		SolutionGuid = {796A1EB4-6AD8-4AD2-8357-29A33CD3EF8A}
	EndGlobalSection
EndGlobal
